// !$*UTF8*$!
{
	archiveVersion = 1;
	classes = {
	};
	objectVersion = 55;
	objects = {

/* Begin PBXBuildFile section */
		B736AFA7275BDDC000E1142F /* TableViewViewController.swift in Sources */ = {isa = PBXBuildFile; fileRef = B736AFA6275BDDC000E1142F /* TableViewViewController.swift */; };
		B736AFA9275BDDD700E1142F /* CollectionViewViewController.swift in Sources */ = {isa = PBXBuildFile; fileRef = B736AFA8275BDDD700E1142F /* CollectionViewViewController.swift */; };
		B736AFAB275BECF000E1142F /* CarCell.swift in Sources */ = {isa = PBXBuildFile; fileRef = B736AFAA275BECF000E1142F /* CarCell.swift */; };
		B7391AC9275E83E50031E179 /* DescriptionView.storyboard in Resources */ = {isa = PBXBuildFile; fileRef = B7391AC8275E83E50031E179 /* DescriptionView.storyboard */; };
		B7391ACB275E86590031E179 /* DescriptionViewController.swift in Sources */ = {isa = PBXBuildFile; fileRef = B7391ACA275E86590031E179 /* DescriptionViewController.swift */; };
		B7486BC3275B98B2005CF2E6 /* AppDelegate.swift in Sources */ = {isa = PBXBuildFile; fileRef = B7486BC2275B98B2005CF2E6 /* AppDelegate.swift */; };
		B7486BC5275B98B2005CF2E6 /* SceneDelegate.swift in Sources */ = {isa = PBXBuildFile; fileRef = B7486BC4275B98B2005CF2E6 /* SceneDelegate.swift */; };
		B7486BC7275B98B2005CF2E6 /* MainViewController.swift in Sources */ = {isa = PBXBuildFile; fileRef = B7486BC6275B98B2005CF2E6 /* MainViewController.swift */; };
		B7486BCA275B98B2005CF2E6 /* Main.storyboard in Resources */ = {isa = PBXBuildFile; fileRef = B7486BC8275B98B2005CF2E6 /* Main.storyboard */; };
		B7486BCC275B98B2005CF2E6 /* Assets.xcassets in Resources */ = {isa = PBXBuildFile; fileRef = B7486BCB275B98B2005CF2E6 /* Assets.xcassets */; };
		B7486BCF275B98B2005CF2E6 /* LaunchScreen.storyboard in Resources */ = {isa = PBXBuildFile; fileRef = B7486BCD275B98B2005CF2E6 /* LaunchScreen.storyboard */; };
		B7486BD7275B997B005CF2E6 /* Splash.storyboard in Resources */ = {isa = PBXBuildFile; fileRef = B7486BD6275B997B005CF2E6 /* Splash.storyboard */; };
		B7486BD9275B99D7005CF2E6 /* SplashViewController.swift in Sources */ = {isa = PBXBuildFile; fileRef = B7486BD8275B99D7005CF2E6 /* SplashViewController.swift */; };
		B785F596275CD207003B6973 /* Car.swift in Sources */ = {isa = PBXBuildFile; fileRef = B785F595275CD207003B6973 /* Car.swift */; };
		B785F599275CD80E003B6973 /* CarRepository.swift in Sources */ = {isa = PBXBuildFile; fileRef = B785F598275CD80E003B6973 /* CarRepository.swift */; };
		B7E175B2275D222F00A95770 /* MotoCell.swift in Sources */ = {isa = PBXBuildFile; fileRef = B7E175B1275D222F00A95770 /* MotoCell.swift */; };
		B7E175B4275D2FE400A95770 /* Moto.swift in Sources */ = {isa = PBXBuildFile; fileRef = B7E175B3275D2FE400A95770 /* Moto.swift */; };
		B7E175B9275D322B00A95770 /* MotoRepository.swift in Sources */ = {isa = PBXBuildFile; fileRef = B7E175B8275D322B00A95770 /* MotoRepository.swift */; };
/* End PBXBuildFile section */

/* Begin PBXFileReference section */
		B736AFA6275BDDC000E1142F /* TableViewViewController.swift */ = {isa = PBXFileReference; lastKnownFileType = sourcecode.swift; path = TableViewViewController.swift; sourceTree = "<group>"; };
		B736AFA8275BDDD700E1142F /* CollectionViewViewController.swift */ = {isa = PBXFileReference; lastKnownFileType = sourcecode.swift; path = CollectionViewViewController.swift; sourceTree = "<group>"; };
		B736AFAA275BECF000E1142F /* CarCell.swift */ = {isa = PBXFileReference; lastKnownFileType = sourcecode.swift; path = CarCell.swift; sourceTree = "<group>"; };
		B7391AC8275E83E50031E179 /* DescriptionView.storyboard */ = {isa = PBXFileReference; lastKnownFileType = file.storyboard; path = DescriptionView.storyboard; sourceTree = "<group>"; };
		B7391ACA275E86590031E179 /* DescriptionViewController.swift */ = {isa = PBXFileReference; lastKnownFileType = sourcecode.swift; path = DescriptionViewController.swift; sourceTree = "<group>"; };
		B7486BBF275B98B2005CF2E6 /* MorAuto.app */ = {isa = PBXFileReference; explicitFileType = wrapper.application; includeInIndex = 0; path = MorAuto.app; sourceTree = BUILT_PRODUCTS_DIR; };
		B7486BC2275B98B2005CF2E6 /* AppDelegate.swift */ = {isa = PBXFileReference; lastKnownFileType = sourcecode.swift; path = AppDelegate.swift; sourceTree = "<group>"; };
		B7486BC4275B98B2005CF2E6 /* SceneDelegate.swift */ = {isa = PBXFileReference; lastKnownFileType = sourcecode.swift; path = SceneDelegate.swift; sourceTree = "<group>"; };
		B7486BC6275B98B2005CF2E6 /* MainViewController.swift */ = {isa = PBXFileReference; lastKnownFileType = sourcecode.swift; path = MainViewController.swift; sourceTree = "<group>"; };
		B7486BC9275B98B2005CF2E6 /* Base */ = {isa = PBXFileReference; lastKnownFileType = file.storyboard; name = Base; path = Base.lproj/Main.storyboard; sourceTree = "<group>"; };
		B7486BCB275B98B2005CF2E6 /* Assets.xcassets */ = {isa = PBXFileReference; lastKnownFileType = folder.assetcatalog; path = Assets.xcassets; sourceTree = "<group>"; };
		B7486BCE275B98B2005CF2E6 /* Base */ = {isa = PBXFileReference; lastKnownFileType = file.storyboard; name = Base; path = Base.lproj/LaunchScreen.storyboard; sourceTree = "<group>"; };
		B7486BD0275B98B2005CF2E6 /* Info.plist */ = {isa = PBXFileReference; lastKnownFileType = text.plist.xml; path = Info.plist; sourceTree = "<group>"; };
		B7486BD6275B997B005CF2E6 /* Splash.storyboard */ = {isa = PBXFileReference; lastKnownFileType = file.storyboard; path = Splash.storyboard; sourceTree = "<group>"; };
		B7486BD8275B99D7005CF2E6 /* SplashViewController.swift */ = {isa = PBXFileReference; lastKnownFileType = sourcecode.swift; path = SplashViewController.swift; sourceTree = "<group>"; };
		B785F595275CD207003B6973 /* Car.swift */ = {isa = PBXFileReference; lastKnownFileType = sourcecode.swift; path = Car.swift; sourceTree = "<group>"; };
		B785F598275CD80E003B6973 /* CarRepository.swift */ = {isa = PBXFileReference; lastKnownFileType = sourcecode.swift; path = CarRepository.swift; sourceTree = "<group>"; };
		B7E175B1275D222F00A95770 /* MotoCell.swift */ = {isa = PBXFileReference; lastKnownFileType = sourcecode.swift; path = MotoCell.swift; sourceTree = "<group>"; };
		B7E175B3275D2FE400A95770 /* Moto.swift */ = {isa = PBXFileReference; lastKnownFileType = sourcecode.swift; path = Moto.swift; sourceTree = "<group>"; };
		B7E175B8275D322B00A95770 /* MotoRepository.swift */ = {isa = PBXFileReference; lastKnownFileType = sourcecode.swift; path = MotoRepository.swift; sourceTree = "<group>"; };
/* End PBXFileReference section */

/* Begin PBXFrameworksBuildPhase section */
		B7486BBC275B98B2005CF2E6 /* Frameworks */ = {
			isa = PBXFrameworksBuildPhase;
			buildActionMask = 2147483647;
			files = (
			);
			runOnlyForDeploymentPostprocessing = 0;
		};
/* End PBXFrameworksBuildPhase section */

/* Begin PBXGroup section */
		B7486BB6275B98B2005CF2E6 = {
			isa = PBXGroup;
			children = (
				B7486BC1275B98B2005CF2E6 /* MorAuto */,
				B7486BC0275B98B2005CF2E6 /* Products */,
			);
			sourceTree = "<group>";
		};
		B7486BC0275B98B2005CF2E6 /* Products */ = {
			isa = PBXGroup;
			children = (
				B7486BBF275B98B2005CF2E6 /* MorAuto.app */,
			);
			name = Products;
			sourceTree = "<group>";
		};
		B7486BC1275B98B2005CF2E6 /* MorAuto */ = {
			isa = PBXGroup;
			children = (
				B7486BD0275B98B2005CF2E6 /* Info.plist */,
				B785F593275CD1DE003B6973 /* Domain */,
				B785F592275CCE6D003B6973 /* Resources */,
				B785F58D275CCDB2003B6973 /* UI */,
				B785F58C275CCD61003B6973 /* App */,
			);
			path = MorAuto;
			sourceTree = "<group>";
		};
		B785F58C275CCD61003B6973 /* App */ = {
			isa = PBXGroup;
			children = (
				B7486BC2275B98B2005CF2E6 /* AppDelegate.swift */,
				B7486BC4275B98B2005CF2E6 /* SceneDelegate.swift */,
			);
			path = App;
			sourceTree = "<group>";
		};
		B785F58D275CCDB2003B6973 /* UI */ = {
			isa = PBXGroup;
			children = (
				B785F590275CCDF8003B6973 /* MainView */,
				B785F58F275CCDDD003B6973 /* SplashView */,
				B785F58E275CCDBE003B6973 /* LaunchView */,
			);
			path = UI;
			sourceTree = "<group>";
		};
		B785F58E275CCDBE003B6973 /* LaunchView */ = {
			isa = PBXGroup;
			children = (
				B7486BCD275B98B2005CF2E6 /* LaunchScreen.storyboard */,
			);
			path = LaunchView;
			sourceTree = "<group>";
		};
		B785F58F275CCDDD003B6973 /* SplashView */ = {
			isa = PBXGroup;
			children = (
				B7486BD8275B99D7005CF2E6 /* SplashViewController.swift */,
				B7486BD6275B997B005CF2E6 /* Splash.storyboard */,
			);
			path = SplashView;
			sourceTree = "<group>";
		};
		B785F590275CCDF8003B6973 /* MainView */ = {
			isa = PBXGroup;
			children = (
				B736AFA8275BDDD700E1142F /* CollectionViewViewController.swift */,
				B736AFA6275BDDC000E1142F /* TableViewViewController.swift */,
				B7486BC8275B98B2005CF2E6 /* Main.storyboard */,
				B7486BC6275B98B2005CF2E6 /* MainViewController.swift */,
				B7391AC8275E83E50031E179 /* DescriptionView.storyboard */,
				B7391ACA275E86590031E179 /* DescriptionViewController.swift */,
				B785F591275CCE33003B6973 /* Cells */,
			);
			path = MainView;
			sourceTree = "<group>";
		};
		B785F591275CCE33003B6973 /* Cells */ = {
			isa = PBXGroup;
			children = (
				B736AFAA275BECF000E1142F /* CarCell.swift */,
				B7E175B1275D222F00A95770 /* MotoCell.swift */,
			);
			path = Cells;
			sourceTree = "<group>";
		};
		B785F592275CCE6D003B6973 /* Resources */ = {
			isa = PBXGroup;
			children = (
				B7486BCB275B98B2005CF2E6 /* Assets.xcassets */,
			);
			path = Resources;
			sourceTree = "<group>";
		};
		B785F593275CD1DE003B6973 /* Domain */ = {
			isa = PBXGroup;
			children = (
				B785F597275CD7EA003B6973 /* Repositories */,
				B785F594275CD1ED003B6973 /* Models */,
			);
			path = Domain;
			sourceTree = "<group>";
		};
		B785F594275CD1ED003B6973 /* Models */ = {
			isa = PBXGroup;
			children = (
				B785F595275CD207003B6973 /* Car.swift */,
				B7E175B3275D2FE400A95770 /* Moto.swift */,
			);
			path = Models;
			sourceTree = "<group>";
		};
		B785F597275CD7EA003B6973 /* Repositories */ = {
			isa = PBXGroup;
			children = (
				B785F598275CD80E003B6973 /* CarRepository.swift */,
				B7E175B8275D322B00A95770 /* MotoRepository.swift */,
			);
			path = Repositories;
			sourceTree = "<group>";
		};
/* End PBXGroup section */

/* Begin PBXNativeTarget section */
		B7486BBE275B98B2005CF2E6 /* MorAuto */ = {
			isa = PBXNativeTarget;
			buildConfigurationList = B7486BD3275B98B2005CF2E6 /* Build configuration list for PBXNativeTarget "MorAuto" */;
			buildPhases = (
				B7486BBB275B98B2005CF2E6 /* Sources */,
				B7486BBC275B98B2005CF2E6 /* Frameworks */,
				B7486BBD275B98B2005CF2E6 /* Resources */,
			);
			buildRules = (
			);
			dependencies = (
			);
			name = MorAuto;
			productName = MorAuto;
			productReference = B7486BBF275B98B2005CF2E6 /* MorAuto.app */;
			productType = "com.apple.product-type.application";
		};
/* End PBXNativeTarget section */

/* Begin PBXProject section */
		B7486BB7275B98B2005CF2E6 /* Project object */ = {
			isa = PBXProject;
			attributes = {
				BuildIndependentTargetsInParallel = 1;
				LastSwiftUpdateCheck = 1310;
				LastUpgradeCheck = 1310;
				TargetAttributes = {
					B7486BBE275B98B2005CF2E6 = {
						CreatedOnToolsVersion = 13.1;
					};
				};
			};
			buildConfigurationList = B7486BBA275B98B2005CF2E6 /* Build configuration list for PBXProject "MorAuto" */;
			compatibilityVersion = "Xcode 13.0";
			developmentRegion = en;
			hasScannedForEncodings = 0;
			knownRegions = (
				en,
				Base,
			);
			mainGroup = B7486BB6275B98B2005CF2E6;
			productRefGroup = B7486BC0275B98B2005CF2E6 /* Products */;
			projectDirPath = "";
			projectRoot = "";
			targets = (
				B7486BBE275B98B2005CF2E6 /* MorAuto */,
			);
		};
/* End PBXProject section */

/* Begin PBXResourcesBuildPhase section */
		B7486BBD275B98B2005CF2E6 /* Resources */ = {
			isa = PBXResourcesBuildPhase;
			buildActionMask = 2147483647;
			files = (
				B7486BCF275B98B2005CF2E6 /* LaunchScreen.storyboard in Resources */,
				B7391AC9275E83E50031E179 /* DescriptionView.storyboard in Resources */,
				B7486BCC275B98B2005CF2E6 /* Assets.xcassets in Resources */,
				B7486BCA275B98B2005CF2E6 /* Main.storyboard in Resources */,
				B7486BD7275B997B005CF2E6 /* Splash.storyboard in Resources */,
			);
			runOnlyForDeploymentPostprocessing = 0;
		};
/* End PBXResourcesBuildPhase section */

/* Begin PBXSourcesBuildPhase section */
		B7486BBB275B98B2005CF2E6 /* Sources */ = {
			isa = PBXSourcesBuildPhase;
			buildActionMask = 2147483647;
			files = (
				B7486BC7275B98B2005CF2E6 /* MainViewController.swift in Sources */,
				B7E175B4275D2FE400A95770 /* Moto.swift in Sources */,
				B7391ACB275E86590031E179 /* DescriptionViewController.swift in Sources */,
				B785F599275CD80E003B6973 /* CarRepository.swift in Sources */,
				B7E175B2275D222F00A95770 /* MotoCell.swift in Sources */,
				B7486BC3275B98B2005CF2E6 /* AppDelegate.swift in Sources */,
				B785F596275CD207003B6973 /* Car.swift in Sources */,
				B7E175B9275D322B00A95770 /* MotoRepository.swift in Sources */,
				B7486BD9275B99D7005CF2E6 /* SplashViewController.swift in Sources */,
				B7486BC5275B98B2005CF2E6 /* SceneDelegate.swift in Sources */,
				B736AFA7275BDDC000E1142F /* TableViewViewController.swift in Sources */,
				B736AFAB275BECF000E1142F /* CarCell.swift in Sources */,
				B736AFA9275BDDD700E1142F /* CollectionViewViewController.swift in Sources */,
			);
			runOnlyForDeploymentPostprocessing = 0;
		};
/* End PBXSourcesBuildPhase section */

/* Begin PBXVariantGroup section */
		B7486BC8275B98B2005CF2E6 /* Main.storyboard */ = {
			isa = PBXVariantGroup;
			children = (
				B7486BC9275B98B2005CF2E6 /* Base */,
			);
			name = Main.storyboard;
			sourceTree = "<group>";
		};
		B7486BCD275B98B2005CF2E6 /* LaunchScreen.storyboard */ = {
			isa = PBXVariantGroup;
			children = (
				B7486BCE275B98B2005CF2E6 /* Base */,
			);
			name = LaunchScreen.storyboard;
			sourceTree = "<group>";
		};
/* End PBXVariantGroup section */

/* Begin XCBuildConfiguration section */
		B7486BD1275B98B2005CF2E6 /* Debug */ = {
			isa = XCBuildConfiguration;
			buildSettings = {
				ALWAYS_SEARCH_USER_PATHS = NO;
				CLANG_ANALYZER_NONNULL = YES;
				CLANG_ANALYZER_NUMBER_OBJECT_CONVERSION = YES_AGGRESSIVE;
				CLANG_CXX_LANGUAGE_STANDARD = "gnu++17";
				CLANG_CXX_LIBRARY = "libc++";
				CLANG_ENABLE_MODULES = YES;
				CLANG_ENABLE_OBJC_ARC = YES;
				CLANG_ENABLE_OBJC_WEAK = YES;
				CLANG_WARN_BLOCK_CAPTURE_AUTORELEASING = YES;
				CLANG_WARN_BOOL_CONVERSION = YES;
				CLANG_WARN_COMMA = YES;
				CLANG_WARN_CONSTANT_CONVERSION = YES;
				CLANG_WARN_DEPRECATED_OBJC_IMPLEMENTATIONS = YES;
				CLANG_WARN_DIRECT_OBJC_ISA_USAGE = YES_ERROR;
				CLANG_WARN_DOCUMENTATION_COMMENTS = YES;
				CLANG_WARN_EMPTY_BODY = YES;
				CLANG_WARN_ENUM_CONVERSION = YES;
				CLANG_WARN_INFINITE_RECURSION = YES;
				CLANG_WARN_INT_CONVERSION = YES;
				CLANG_WARN_NON_LITERAL_NULL_CONVERSION = YES;
				CLANG_WARN_OBJC_IMPLICIT_RETAIN_SELF = YES;
				CLANG_WARN_OBJC_LITERAL_CONVERSION = YES;
				CLANG_WARN_OBJC_ROOT_CLASS = YES_ERROR;
				CLANG_WARN_QUOTED_INCLUDE_IN_FRAMEWORK_HEADER = YES;
				CLANG_WARN_RANGE_LOOP_ANALYSIS = YES;
				CLANG_WARN_STRICT_PROTOTYPES = YES;
				CLANG_WARN_SUSPICIOUS_MOVE = YES;
				CLANG_WARN_UNGUARDED_AVAILABILITY = YES_AGGRESSIVE;
				CLANG_WARN_UNREACHABLE_CODE = YES;
				CLANG_WARN__DUPLICATE_METHOD_MATCH = YES;
				COPY_PHASE_STRIP = NO;
				DEBUG_INFORMATION_FORMAT = dwarf;
				ENABLE_STRICT_OBJC_MSGSEND = YES;
				ENABLE_TESTABILITY = YES;
				GCC_C_LANGUAGE_STANDARD = gnu11;
				GCC_DYNAMIC_NO_PIC = NO;
				GCC_NO_COMMON_BLOCKS = YES;
				GCC_OPTIMIZATION_LEVEL = 0;
				GCC_PREPROCESSOR_DEFINITIONS = (
					"DEBUG=1",
					"$(inherited)",
				);
				GCC_WARN_64_TO_32_BIT_CONVERSION = YES;
				GCC_WARN_ABOUT_RETURN_TYPE = YES_ERROR;
				GCC_WARN_UNDECLARED_SELECTOR = YES;
				GCC_WARN_UNINITIALIZED_AUTOS = YES_AGGRESSIVE;
				GCC_WARN_UNUSED_FUNCTION = YES;
				GCC_WARN_UNUSED_VARIABLE = YES;
				IPHONEOS_DEPLOYMENT_TARGET = 15.0;
				MTL_ENABLE_DEBUG_INFO = INCLUDE_SOURCE;
				MTL_FAST_MATH = YES;
				ONLY_ACTIVE_ARCH = YES;
				SDKROOT = iphoneos;
				SWIFT_ACTIVE_COMPILATION_CONDITIONS = DEBUG;
				SWIFT_OPTIMIZATION_LEVEL = "-Onone";
			};
			name = Debug;
		};
		B7486BD2275B98B2005CF2E6 /* Release */ = {
			isa = XCBuildConfiguration;
			buildSettings = {
				ALWAYS_SEARCH_USER_PATHS = NO;
				CLANG_ANALYZER_NONNULL = YES;
				CLANG_ANALYZER_NUMBER_OBJECT_CONVERSION = YES_AGGRESSIVE;
				CLANG_CXX_LANGUAGE_STANDARD = "gnu++17";
				CLANG_CXX_LIBRARY = "libc++";
				CLANG_ENABLE_MODULES = YES;
				CLANG_ENABLE_OBJC_ARC = YES;
				CLANG_ENABLE_OBJC_WEAK = YES;
				CLANG_WARN_BLOCK_CAPTURE_AUTORELEASING = YES;
				CLANG_WARN_BOOL_CONVERSION = YES;
				CLANG_WARN_COMMA = YES;
				CLANG_WARN_CONSTANT_CONVERSION = YES;
				CLANG_WARN_DEPRECATED_OBJC_IMPLEMENTATIONS = YES;
				CLANG_WARN_DIRECT_OBJC_ISA_USAGE = YES_ERROR;
				CLANG_WARN_DOCUMENTATION_COMMENTS = YES;
				CLANG_WARN_EMPTY_BODY = YES;
				CLANG_WARN_ENUM_CONVERSION = YES;
				CLANG_WARN_INFINITE_RECURSION = YES;
				CLANG_WARN_INT_CONVERSION = YES;
				CLANG_WARN_NON_LITERAL_NULL_CONVERSION = YES;
				CLANG_WARN_OBJC_IMPLICIT_RETAIN_SELF = YES;
				CLANG_WARN_OBJC_LITERAL_CONVERSION = YES;
				CLANG_WARN_OBJC_ROOT_CLASS = YES_ERROR;
				CLANG_WARN_QUOTED_INCLUDE_IN_FRAMEWORK_HEADER = YES;
				CLANG_WARN_RANGE_LOOP_ANALYSIS = YES;
				CLANG_WARN_STRICT_PROTOTYPES = YES;
				CLANG_WARN_SUSPICIOUS_MOVE = YES;
				CLANG_WARN_UNGUARDED_AVAILABILITY = YES_AGGRESSIVE;
				CLANG_WARN_UNREACHABLE_CODE = YES;
				CLANG_WARN__DUPLICATE_METHOD_MATCH = YES;
				COPY_PHASE_STRIP = NO;
				DEBUG_INFORMATION_FORMAT = "dwarf-with-dsym";
				ENABLE_NS_ASSERTIONS = NO;
				ENABLE_STRICT_OBJC_MSGSEND = YES;
				GCC_C_LANGUAGE_STANDARD = gnu11;
				GCC_NO_COMMON_BLOCKS = YES;
				GCC_WARN_64_TO_32_BIT_CONVERSION = YES;
				GCC_WARN_ABOUT_RETURN_TYPE = YES_ERROR;
				GCC_WARN_UNDECLARED_SELECTOR = YES;
				GCC_WARN_UNINITIALIZED_AUTOS = YES_AGGRESSIVE;
				GCC_WARN_UNUSED_FUNCTION = YES;
				GCC_WARN_UNUSED_VARIABLE = YES;
				IPHONEOS_DEPLOYMENT_TARGET = 15.0;
				MTL_ENABLE_DEBUG_INFO = NO;
				MTL_FAST_MATH = YES;
				SDKROOT = iphoneos;
				SWIFT_COMPILATION_MODE = wholemodule;
				SWIFT_OPTIMIZATION_LEVEL = "-O";
				VALIDATE_PRODUCT = YES;
			};
			name = Release;
		};
		B7486BD4275B98B2005CF2E6 /* Debug */ = {
			isa = XCBuildConfiguration;
			buildSettings = {
				ASSETCATALOG_COMPILER_APPICON_NAME = AppIcon;
				ASSETCATALOG_COMPILER_GLOBAL_ACCENT_COLOR_NAME = AccentColor;
				CODE_SIGN_STYLE = Automatic;
				CURRENT_PROJECT_VERSION = 1;
				GENERATE_INFOPLIST_FILE = YES;
				INFOPLIST_FILE = MorAuto/Info.plist;
				INFOPLIST_KEY_UIApplicationSupportsIndirectInputEvents = YES;
				INFOPLIST_KEY_UILaunchStoryboardName = LaunchScreen;
				INFOPLIST_KEY_UIMainStoryboardFile = Splash;
				INFOPLIST_KEY_UISupportedInterfaceOrientations_iPad = "UIInterfaceOrientationPortrait UIInterfaceOrientationPortraitUpsideDown UIInterfaceOrientationLandscapeLeft UIInterfaceOrientationLandscapeRight";
				INFOPLIST_KEY_UISupportedInterfaceOrientations_iPhone = "UIInterfaceOrientationPortrait UIInterfaceOrientationLandscapeLeft UIInterfaceOrientationLandscapeRight";
				LD_RUNPATH_SEARCH_PATHS = (
					"$(inherited)",
					"@executable_path/Frameworks",
				);
				MARKETING_VERSION = 1.0;
				PRODUCT_BUNDLE_IDENTIFIER = keepcoding.fundamentos.ios.MorAuto;
				PRODUCT_NAME = "$(TARGET_NAME)";
				SWIFT_EMIT_LOC_STRINGS = YES;
				SWIFT_VERSION = 5.0;
				TARGETED_DEVICE_FAMILY = 1;
			};
			name = Debug;
		};
		B7486BD5275B98B2005CF2E6 /* Release */ = {
			isa = XCBuildConfiguration;
			buildSettings = {
				ASSETCATALOG_COMPILER_APPICON_NAME = AppIcon;
				ASSETCATALOG_COMPILER_GLOBAL_ACCENT_COLOR_NAME = AccentColor;
				CODE_SIGN_STYLE = Automatic;
				CURRENT_PROJECT_VERSION = 1;
				GENERATE_INFOPLIST_FILE = YES;
				INFOPLIST_FILE = MorAuto/Info.plist;
				INFOPLIST_KEY_UIApplicationSupportsIndirectInputEvents = YES;
				INFOPLIST_KEY_UILaunchStoryboardName = LaunchScreen;
				INFOPLIST_KEY_UIMainStoryboardFile = Splash;
				INFOPLIST_KEY_UISupportedInterfaceOrientations_iPad = "UIInterfaceOrientationPortrait UIInterfaceOrientationPortraitUpsideDown UIInterfaceOrientationLandscapeLeft UIInterfaceOrientationLandscapeRight";
				INFOPLIST_KEY_UISupportedInterfaceOrientations_iPhone = "UIInterfaceOrientationPortrait UIInterfaceOrientationLandscapeLeft UIInterfaceOrientationLandscapeRight";
				LD_RUNPATH_SEARCH_PATHS = (
					"$(inherited)",
					"@executable_path/Frameworks",
				);
				MARKETING_VERSION = 1.0;
				PRODUCT_BUNDLE_IDENTIFIER = keepcoding.fundamentos.ios.MorAuto;
				PRODUCT_NAME = "$(TARGET_NAME)";
				SWIFT_EMIT_LOC_STRINGS = YES;
				SWIFT_VERSION = 5.0;
				TARGETED_DEVICE_FAMILY = 1;
			};
			name = Release;
		};
/* End XCBuildConfiguration section */

/* Begin XCConfigurationList section */
		B7486BBA275B98B2005CF2E6 /* Build configuration list for PBXProject "MorAuto" */ = {
			isa = XCConfigurationList;
			buildConfigurations = (
				B7486BD1275B98B2005CF2E6 /* Debug */,
				B7486BD2275B98B2005CF2E6 /* Release */,
			);
			defaultConfigurationIsVisible = 0;
			defaultConfigurationName = Release;
		};
		B7486BD3275B98B2005CF2E6 /* Build configuration list for PBXNativeTarget "MorAuto" */ = {
			isa = XCConfigurationList;
			buildConfigurations = (
				B7486BD4275B98B2005CF2E6 /* Debug */,
				B7486BD5275B98B2005CF2E6 /* Release */,
			);
			defaultConfigurationIsVisible = 0;
			defaultConfigurationName = Release;
		};
/* End XCConfigurationList section */
	};
	rootObject = B7486BB7275B98B2005CF2E6 /* Project object */;
}
